
Microsoft Visual Studio Solution File, Format Version 12.00
# Visual Studio 15
VisualStudioVersion = 15.0.28307.1267
MinimumVisualStudioVersion = 10.0.40219.1
Project("{8BC9CEB8-8B4A-11D0-8D11-00A0C91BC942}") = "VisionDemo", "VisionDemo\VisionDemo.vcxproj", "{6A050373-AE20-4853-AF75-5F5D798C1C0B}"
EndProject
Global
	GlobalSection(SolutionConfigurationPlatforms) = preSolution
		Debug|x64 = Debug|x64
		Debug|x86 = Debug|x86
		Release|x64 = Release|x64
		Release|x86 = Release|x86
	EndGlobalSection
	GlobalSection(ProjectConfigurationPlatforms) = postSolution
		{6A050373-AE20-4853-AF75-5F5D798C1C0B}.Debug|x64.ActiveCfg = Debug|x64
		{6A050373-AE20-4853-AF75-5F5D798C1C0B}.Debug|x64.Build.0 = Debug|x64
		{6A050373-AE20-4853-AF75-5F5D798C1C0B}.Debug|x86.ActiveCfg = Debug|x64
		{6A050373-AE20-4853-AF75-5F5D798C1C0B}.Release|x64.ActiveCfg = Release|Win32
		{6A050373-AE20-4853-AF75-5F5D798C1C0B}.Release|x86.ActiveCfg = Release|Win32
		{6A050373-AE20-4853-AF75-5F5D798C1C0B}.Release|x86.Build.0 = Release|Win32
	EndGlobalSection
	GlobalSection(SolutionProperties) = preSolution
		HideSolutionNode = FALSE
	EndGlobalSection
	GlobalSection(ExtensibilityGlobals) = postSolution
		SolutionGuid = {59770C2E-2876-4DE3-9A46-35FF28F4E5C9}
	EndGlobalSection
EndGlobal
